
Microsoft Visual Studio Solution File, Format Version 12.00
# Visual Studio Version 16
VisualStudioVersion = 16.0.29709.97
MinimumVisualStudioVersion = 10.0.40219.1
Project("{9A19103F-16F7-4668-BE54-9A1E7A4F7556}") = "Guiuiui.Common", "Guiuiui.Common\Guiuiui.Common.csproj", "{101AFB99-CB03-4D4F-BA09-5927362F7E2D}"
EndProject
Project("{9A19103F-16F7-4668-BE54-9A1E7A4F7556}") = "Guiuiui.WinForms", "Guiuiui.WinForms\Guiuiui.WinForms.csproj", "{5C3BEE94-0F5A-4950-9BA6-43476DD6FB80}"
EndProject
Project("{9A19103F-16F7-4668-BE54-9A1E7A4F7556}") = "Guiuiui.Common.Tests", "Guiuiui.Common.Tests\Guiuiui.Common.Tests.csproj", "{D1C2EAEF-C8B3-4376-A78B-5A233663514C}"
EndProject
Project("{9A19103F-16F7-4668-BE54-9A1E7A4F7556}") = "Guiuiui.Common.TestTypes", "Guiuiui.Common.TestTypes\Guiuiui.Common.TestTypes.csproj", "{F01DD49B-4121-48B9-93F0-97649AE83C36}"
EndProject
Project("{9A19103F-16F7-4668-BE54-9A1E7A4F7556}") = "Guiuiui.WinForms.TestApplication", "Guiuiui.WinForms.TestApplication\Guiuiui.WinForms.TestApplication.csproj", "{7EAA2FA3-3FB4-45A4-A646-3E57BCE478BE}"
EndProject
Project("{FAE04EC0-301F-11D3-BF4B-00C04F79EFBC}") = "Guiuiui.WinForms.Tests", "Guiuiui.WinForms.Tests\Guiuiui.WinForms.Tests.csproj", "{6E9D4326-CD57-49D5-BCB4-509A282EB518}"
EndProject
Global
	GlobalSection(SolutionConfigurationPlatforms) = preSolution
		Debug|Any CPU = Debug|Any CPU
		Release|Any CPU = Release|Any CPU
	EndGlobalSection
	GlobalSection(ProjectConfigurationPlatforms) = postSolution
		{101AFB99-CB03-4D4F-BA09-5927362F7E2D}.Debug|Any CPU.ActiveCfg = Debug|Any CPU
		{101AFB99-CB03-4D4F-BA09-5927362F7E2D}.Debug|Any CPU.Build.0 = Debug|Any CPU
		{101AFB99-CB03-4D4F-BA09-5927362F7E2D}.Release|Any CPU.ActiveCfg = Release|Any CPU
		{101AFB99-CB03-4D4F-BA09-5927362F7E2D}.Release|Any CPU.Build.0 = Release|Any CPU
		{5C3BEE94-0F5A-4950-9BA6-43476DD6FB80}.Debug|Any CPU.ActiveCfg = Debug|Any CPU
		{5C3BEE94-0F5A-4950-9BA6-43476DD6FB80}.Debug|Any CPU.Build.0 = Debug|Any CPU
		{5C3BEE94-0F5A-4950-9BA6-43476DD6FB80}.Release|Any CPU.ActiveCfg = Release|Any CPU
		{5C3BEE94-0F5A-4950-9BA6-43476DD6FB80}.Release|Any CPU.Build.0 = Release|Any CPU
		{D1C2EAEF-C8B3-4376-A78B-5A233663514C}.Debug|Any CPU.ActiveCfg = Debug|Any CPU
		{D1C2EAEF-C8B3-4376-A78B-5A233663514C}.Debug|Any CPU.Build.0 = Debug|Any CPU
		{D1C2EAEF-C8B3-4376-A78B-5A233663514C}.Release|Any CPU.ActiveCfg = Release|Any CPU
		{D1C2EAEF-C8B3-4376-A78B-5A233663514C}.Release|Any CPU.Build.0 = Release|Any CPU
		{F01DD49B-4121-48B9-93F0-97649AE83C36}.Debug|Any CPU.ActiveCfg = Debug|Any CPU
		{F01DD49B-4121-48B9-93F0-97649AE83C36}.Debug|Any CPU.Build.0 = Debug|Any CPU
		{F01DD49B-4121-48B9-93F0-97649AE83C36}.Release|Any CPU.ActiveCfg = Release|Any CPU
		{F01DD49B-4121-48B9-93F0-97649AE83C36}.Release|Any CPU.Build.0 = Release|Any CPU
		{7EAA2FA3-3FB4-45A4-A646-3E57BCE478BE}.Debug|Any CPU.ActiveCfg = Debug|Any CPU
		{7EAA2FA3-3FB4-45A4-A646-3E57BCE478BE}.Debug|Any CPU.Build.0 = Debug|Any CPU
		{7EAA2FA3-3FB4-45A4-A646-3E57BCE478BE}.Release|Any CPU.ActiveCfg = Release|Any CPU
		{7EAA2FA3-3FB4-45A4-A646-3E57BCE478BE}.Release|Any CPU.Build.0 = Release|Any CPU
		{6E9D4326-CD57-49D5-BCB4-509A282EB518}.Debug|Any CPU.ActiveCfg = Debug|Any CPU
		{6E9D4326-CD57-49D5-BCB4-509A282EB518}.Debug|Any CPU.Build.0 = Debug|Any CPU
		{6E9D4326-CD57-49D5-BCB4-509A282EB518}.Release|Any CPU.ActiveCfg = Release|Any CPU
		{6E9D4326-CD57-49D5-BCB4-509A282EB518}.Release|Any CPU.Build.0 = Release|Any CPU
	EndGlobalSection
	GlobalSection(SolutionProperties) = preSolution
		HideSolutionNode = FALSE
	EndGlobalSection
	GlobalSection(ExtensibilityGlobals) = postSolution
		SolutionGuid = {C54C96A1-FEC4-4B03-A337-BE5044EFC81B}
	EndGlobalSection
EndGlobal
